
Microsoft Visual Studio Solution File, Format Version 12.00
# Visual Studio Version 16
VisualStudioVersion = 16.0.31005.135
MinimumVisualStudioVersion = 10.0.40219.1
Project("{FAE04EC0-301F-11D3-BF4B-00C04F79EFBC}") = "Proyecto U5 yU6", "Proyecto U5 yU6.csproj", "{CAC90FE4-8E01-4C22-8262-B1111B0BFC86}"
EndProject
Global
	GlobalSection(SolutionConfigurationPlatforms) = preSolution
		Debug|Any CPU = Debug|Any CPU
		Release|Any CPU = Release|Any CPU
	EndGlobalSection
	GlobalSection(ProjectConfigurationPlatforms) = postSolution
		{CAC90FE4-8E01-4C22-8262-B1111B0BFC86}.Debug|Any CPU.ActiveCfg = Debug|Any CPU
		{CAC90FE4-8E01-4C22-8262-B1111B0BFC86}.Debug|Any CPU.Build.0 = Debug|Any CPU
		{CAC90FE4-8E01-4C22-8262-B1111B0BFC86}.Release|Any CPU.ActiveCfg = Release|Any CPU
		{CAC90FE4-8E01-4C22-8262-B1111B0BFC86}.Release|Any CPU.Build.0 = Release|Any CPU
	EndGlobalSection
	GlobalSection(SolutionProperties) = preSolution
		HideSolutionNode = FALSE
	EndGlobalSection
	GlobalSection(ExtensibilityGlobals) = postSolution
		SolutionGuid = {16315B11-B675-4302-A825-185422DFEFE3}
	EndGlobalSection
EndGlobal
